
Microsoft Visual Studio Solution File, Format Version 12.00
Project("{FAE04EC0-301F-11D3-BF4B-00C04F79EFBC}") = "ConsoleAppFramework", "ConsoleAppFramework\ConsoleAppFramework.csproj", "{192C589C-DD9C-4648-BBBC-1B56206B7570}"
EndProject
Global
	GlobalSection(SolutionConfigurationPlatforms) = preSolution
		Debug|Any CPU = Debug|Any CPU
		Release|Any CPU = Release|Any CPU
	EndGlobalSection
	GlobalSection(ProjectConfigurationPlatforms) = postSolution
		{192C589C-DD9C-4648-BBBC-1B56206B7570}.Debug|Any CPU.ActiveCfg = Debug|Any CPU
		{192C589C-DD9C-4648-BBBC-1B56206B7570}.Debug|Any CPU.Build.0 = Debug|Any CPU
		{192C589C-DD9C-4648-BBBC-1B56206B7570}.Release|Any CPU.ActiveCfg = Release|Any CPU
		{192C589C-DD9C-4648-BBBC-1B56206B7570}.Release|Any CPU.Build.0 = Release|Any CPU
	EndGlobalSection
EndGlobal
